
Microsoft Visual Studio Solution File, Format Version 12.00
# Visual Studio 15
VisualStudioVersion = 15.0.27703.2035
MinimumVisualStudioVersion = 10.0.40219.1
Project("{9A19103F-16F7-4668-BE54-9A1E7A4F7556}") = "datetime_tests", "datetime_tests.csproj", "{A43B0D9C-16D5-4FCD-B8AF-1D3A69DAF008}"
EndProject
Global
	GlobalSection(SolutionConfigurationPlatforms) = preSolution
		Debug|Any CPU = Debug|Any CPU
		Release|Any CPU = Release|Any CPU
	EndGlobalSection
	GlobalSection(ProjectConfigurationPlatforms) = postSolution
		{A43B0D9C-16D5-4FCD-B8AF-1D3A69DAF008}.Debug|Any CPU.ActiveCfg = Debug|Any CPU
		{A43B0D9C-16D5-4FCD-B8AF-1D3A69DAF008}.Debug|Any CPU.Build.0 = Debug|Any CPU
		{A43B0D9C-16D5-4FCD-B8AF-1D3A69DAF008}.Release|Any CPU.ActiveCfg = Release|Any CPU
		{A43B0D9C-16D5-4FCD-B8AF-1D3A69DAF008}.Release|Any CPU.Build.0 = Release|Any CPU
	EndGlobalSection
	GlobalSection(SolutionProperties) = preSolution
		HideSolutionNode = FALSE
	EndGlobalSection
	GlobalSection(ExtensibilityGlobals) = postSolution
		SolutionGuid = {BA14EC08-ED05-4CEF-A283-0EC65DC8F8E9}
	EndGlobalSection
EndGlobal
